
Microsoft Visual Studio Solution File, Format Version 12.00
# Visual Studio Version 17
VisualStudioVersion = 17.6.33829.357
MinimumVisualStudioVersion = 10.0.40219.1
Project("{FAE04EC0-301F-11D3-BF4B-00C04F79EFBC}") = "GitHubCopilotApp_C#React", "GitHubCopilotApp_C#React.csproj", "{B52796DE-30F9-49DD-98FF-93CD07F9B358}"
EndProject
Global
	GlobalSection(SolutionConfigurationPlatforms) = preSolution
		Debug|Any CPU = Debug|Any CPU
		Release|Any CPU = Release|Any CPU
	EndGlobalSection
	GlobalSection(ProjectConfigurationPlatforms) = postSolution
		{B52796DE-30F9-49DD-98FF-93CD07F9B358}.Debug|Any CPU.ActiveCfg = Debug|Any CPU
		{B52796DE-30F9-49DD-98FF-93CD07F9B358}.Debug|Any CPU.Build.0 = Debug|Any CPU
		{B52796DE-30F9-49DD-98FF-93CD07F9B358}.Release|Any CPU.ActiveCfg = Release|Any CPU
		{B52796DE-30F9-49DD-98FF-93CD07F9B358}.Release|Any CPU.Build.0 = Release|Any CPU
	EndGlobalSection
	GlobalSection(SolutionProperties) = preSolution
		HideSolutionNode = FALSE
	EndGlobalSection
	GlobalSection(ExtensibilityGlobals) = postSolution
		SolutionGuid = {734F7C2B-DF0A-4D89-BAB1-C03744F5DF5D}
	EndGlobalSection
EndGlobal
